
Microsoft Visual Studio Solution File, Format Version 12.00
# Visual Studio Version 16
VisualStudioVersion = 16.0.31613.86
MinimumVisualStudioVersion = 10.0.40219.1
Project("{FAE04EC0-301F-11D3-BF4B-00C04F79EFBC}") = "Part1", "Part1\Part1.csproj", "{97AD0FCA-081A-4907-A399-2F8B67A0368A}"
EndProject
Project("{FAE04EC0-301F-11D3-BF4B-00C04F79EFBC}") = "Part2", "Part2\Part2.csproj", "{D2AC5C76-F543-4DA2-8676-C2CDEE57A2B3}"
EndProject
Global
	GlobalSection(SolutionConfigurationPlatforms) = preSolution
		Debug|Any CPU = Debug|Any CPU
		Release|Any CPU = Release|Any CPU
	EndGlobalSection
	GlobalSection(ProjectConfigurationPlatforms) = postSolution
		{97AD0FCA-081A-4907-A399-2F8B67A0368A}.Debug|Any CPU.ActiveCfg = Debug|Any CPU
		{97AD0FCA-081A-4907-A399-2F8B67A0368A}.Debug|Any CPU.Build.0 = Debug|Any CPU
		{97AD0FCA-081A-4907-A399-2F8B67A0368A}.Release|Any CPU.ActiveCfg = Release|Any CPU
		{97AD0FCA-081A-4907-A399-2F8B67A0368A}.Release|Any CPU.Build.0 = Release|Any CPU
		{D2AC5C76-F543-4DA2-8676-C2CDEE57A2B3}.Debug|Any CPU.ActiveCfg = Debug|Any CPU
		{D2AC5C76-F543-4DA2-8676-C2CDEE57A2B3}.Debug|Any CPU.Build.0 = Debug|Any CPU
		{D2AC5C76-F543-4DA2-8676-C2CDEE57A2B3}.Release|Any CPU.ActiveCfg = Release|Any CPU
		{D2AC5C76-F543-4DA2-8676-C2CDEE57A2B3}.Release|Any CPU.Build.0 = Release|Any CPU
	EndGlobalSection
	GlobalSection(SolutionProperties) = preSolution
		HideSolutionNode = FALSE
	EndGlobalSection
	GlobalSection(ExtensibilityGlobals) = postSolution
		SolutionGuid = {0EDDF150-FDE4-49D2-ADB3-7344B4ABCE67}
	EndGlobalSection
EndGlobal
